{
  "nodes": {
    "nixpkgs": {
      "locked": {
        "lastModified": 1642522226,
        "narHash": "sha256-m/j9U8KYuwwxjwgRCjmEj8ejftvdMLJ+NGXh/L2I4FU=",
        "path": "/nix/store/k24zabz0ila1rvgxr43kf8ckly21k4qp-source",
        "rev": "610d4ea2750e064bf34b33fa38cb671edd893d3d",
        "type": "path"
      },
      "original": {
        "id": "nixpkgs",
        "type": "indirect"
      }
    },
    "root": {
      "inputs": {
        "nixpkgs": "nixpkgs"
      }
    }
  },
  "root": "root",
  "version": 7
}
